
Microsoft Visual Studio Solution File, Format Version 12.00
# Visual Studio Version 17
VisualStudioVersion = 17.7.34018.315
MinimumVisualStudioVersion = 10.0.40219.1
Project("{9A19103F-16F7-4668-BE54-9A1E7A4F7556}") = "FscAppUi", "FscAppUi\FscAppUi.csproj", "{11390E25-76C9-4AA4-840C-237440A85D9F}"
EndProject
Project("{9A19103F-16F7-4668-BE54-9A1E7A4F7556}") = "FscAppLibrary", "FscAppLibrary\FscAppLibrary.csproj", "{711D1DF1-5F33-4761-93EC-D3636DAD7FF3}"
EndProject
Global
	GlobalSection(SolutionConfigurationPlatforms) = preSolution
		Debug|Any CPU = Debug|Any CPU
		Release|Any CPU = Release|Any CPU
	EndGlobalSection
	GlobalSection(ProjectConfigurationPlatforms) = postSolution
		{11390E25-76C9-4AA4-840C-237440A85D9F}.Debug|Any CPU.ActiveCfg = Debug|Any CPU
		{11390E25-76C9-4AA4-840C-237440A85D9F}.Debug|Any CPU.Build.0 = Debug|Any CPU
		{11390E25-76C9-4AA4-840C-237440A85D9F}.Release|Any CPU.ActiveCfg = Release|Any CPU
		{11390E25-76C9-4AA4-840C-237440A85D9F}.Release|Any CPU.Build.0 = Release|Any CPU
		{711D1DF1-5F33-4761-93EC-D3636DAD7FF3}.Debug|Any CPU.ActiveCfg = Debug|Any CPU
		{711D1DF1-5F33-4761-93EC-D3636DAD7FF3}.Debug|Any CPU.Build.0 = Debug|Any CPU
		{711D1DF1-5F33-4761-93EC-D3636DAD7FF3}.Release|Any CPU.ActiveCfg = Release|Any CPU
		{711D1DF1-5F33-4761-93EC-D3636DAD7FF3}.Release|Any CPU.Build.0 = Release|Any CPU
	EndGlobalSection
	GlobalSection(SolutionProperties) = preSolution
		HideSolutionNode = FALSE
	EndGlobalSection
	GlobalSection(ExtensibilityGlobals) = postSolution
		SolutionGuid = {A47F3691-33B0-4291-A594-422D2C0EFD7F}
	EndGlobalSection
EndGlobal
